PODS:
  - boost-for-react-native (1.63.0)
  - DoubleConversion (1.1.6)
  - Folly (2018.10.22.00):
    - boost-for-react-native
    - DoubleConversion
    - glog
  - Fritz (3.0.1):
    - Fritz/ManagedModel (= 3.0.1)
  - Fritz/Core (3.0.1)
  - Fritz/CoreMLHelpers (3.0.1)
  - Fritz/ManagedModel (3.0.1):
    - Fritz/Core
  - Fritz/Vision (3.0.1):
    - Fritz/Core
    - Fritz/CoreMLHelpers
    - Fritz/ManagedModel
  - Fritz/VisionStyleModel/Paintings (3.0.1):
    - Fritz/ManagedModel
    - Fritz/Vision
  - glog (0.3.5)
  - React (0.58.6):
    - React/Core (= 0.58.6)
  - react-native-image-picker (0.28.0):
    - React
  - React/Core (0.58.6):
    - yoga (= 0.58.6.React)
  - React/CxxBridge (0.58.6):
    - Folly (= 2018.10.22.00)
    - React/Core
    - React/cxxreact
    - React/jsiexecutor
  - React/cxxreact (0.58.6):
    - boost-for-react-native (= 1.63.0)
    - Folly (= 2018.10.22.00)
    - React/jsinspector
  - React/fishhook (0.58.6)
  - React/jsi (0.58.6):
    - Folly (= 2018.10.22.00)
  - React/jsiexecutor (0.58.6):
    - Folly (= 2018.10.22.00)
    - React/cxxreact
    - React/jsi
  - React/jsinspector (0.58.6)
  - React/RCTActionSheet (0.58.6):
    - React/Core
  - React/RCTAnimation (0.58.6):
    - React/Core
  - React/RCTBlob (0.58.6):
    - React/Core
  - React/RCTGeolocation (0.58.6):
    - React/Core
  - React/RCTImage (0.58.6):
    - React/Core
    - React/RCTNetwork
  - React/RCTLinkingIOS (0.58.6):
    - React/Core
  - React/RCTNetwork (0.58.6):
    - React/Core
  - React/RCTSettings (0.58.6):
    - React/Core
  - React/RCTText (0.58.6):
    - React/Core
  - React/RCTVibration (0.58.6):
    - React/Core
  - React/RCTWebSocket (0.58.6):
    - React/Core
    - React/fishhook
    - React/RCTBlob
  - RNFritz (1.0.0):
    - Fritz (~> 3.0)
    - React
  - yoga (0.58.6.React)

DEPENDENCIES:
  - DoubleConversion (from `../node_modules/react-native/third-party-podspecs/DoubleConversion.podspec`)
  - Folly (from `../node_modules/react-native/third-party-podspecs/Folly.podspec`)
  - Fritz (~> 3.0)
  - Fritz/VisionStyleModel/Paintings
  - glog (from `../node_modules/react-native/third-party-podspecs/glog.podspec`)
  - react-native-image-picker (from `../node_modules/react-native-image-picker`)
  - React/Core (from `../node_modules/react-native`)
  - React/CxxBridge (from `../node_modules/react-native`)
  - React/RCTActionSheet (from `../node_modules/react-native`)
  - React/RCTAnimation (from `../node_modules/react-native`)
  - React/RCTGeolocation (from `../node_modules/react-native`)
  - React/RCTImage (from `../node_modules/react-native`)
  - React/RCTLinkingIOS (from `../node_modules/react-native`)
  - React/RCTNetwork (from `../node_modules/react-native`)
  - React/RCTSettings (from `../node_modules/react-native`)
  - React/RCTText (from `../node_modules/react-native`)
  - React/RCTVibration (from `../node_modules/react-native`)
  - React/RCTWebSocket (from `../node_modules/react-native`)
  - RNFritz (from `../node_modules/react-native-fritz/ios`)
  - yoga (from `../node_modules/react-native/ReactCommon/yoga/yoga.podspec`)

SPEC REPOS:
  https://github.com/cocoapods/specs.git:
    - boost-for-react-native
    - Fritz

EXTERNAL SOURCES:
  DoubleConversion:
    :podspec: "../node_modules/react-native/third-party-podspecs/DoubleConversion.podspec"
  Folly:
    :podspec: "../node_modules/react-native/third-party-podspecs/Folly.podspec"
  glog:
    :podspec: "../node_modules/react-native/third-party-podspecs/glog.podspec"
  React:
    :path: "../node_modules/react-native"
  react-native-image-picker:
    :path: "../node_modules/react-native-image-picker"
  RNFritz:
    :path: "../node_modules/react-native-fritz/ios"
  yoga:
    :path: "../node_modules/react-native/ReactCommon/yoga/yoga.podspec"

SPEC CHECKSUMS:
  boost-for-react-native: 39c7adb57c4e60d6c5479dd8623128eb5b3f0f2c
  DoubleConversion: bb338842f62ab1d708ceb63ec3d999f0f3d98ecd
  Folly: de497beb10f102453a1afa9edbf8cf8a251890de
  Fritz: 415848247f28b6acbce1af9dfbc66507f4296ccf
  glog: aefd1eb5dda2ab95ba0938556f34b98e2da3a60d
  React: 16c4fb7ce3fc30c041bce809ceae33bf57e7c142
  react-native-image-picker: f42de90075c5b1af53417af927631d909a1a746e
  RNFritz: 3ae55a65c412a9990233c46d74a93171e91f9122
  yoga: 0885622311729a02c2bc02dca97167787a51488b

PODFILE CHECKSUM: 6c363e45733675d29f2808e598d7b788492d7888

COCOAPODS: 1.5.3
