PODS:
  - boost-for-react-native (1.63.0)
  - BVLinearGradient (2.5.3):
    - React
  - DoubleConversion (1.1.6)
  - Folly (2018.10.22.00):
    - boost-for-react-native
    - DoubleConversion
    - glog
  - Fritz (3.0.1):
    - Fritz/ManagedModel (= 3.0.1)
  - Fritz/Core (3.0.1)
  - Fritz/CoreMLHelpers (3.0.1)
  - Fritz/ManagedModel (3.0.1):
    - Fritz/Core
  - Fritz/Vision (3.0.1):
    - Fritz/Core
    - Fritz/CoreMLHelpers
    - Fritz/ManagedModel
  - Fritz/VisionStyleModel/Paintings (3.0.1):
    - Fritz/ManagedModel
    - Fritz/Vision
  - glog (0.3.5)
  - React (0.59.1):
    - React/Core (= 0.59.1)
  - react-native-image-picker (0.28.0):
    - React
  - React/Core (0.59.1):
    - yoga (= 0.59.1.React)
  - React/CxxBridge (0.59.1):
    - Folly (= 2018.10.22.00)
    - React/Core
    - React/cxxreact
    - React/jsiexecutor
  - React/cxxreact (0.59.1):
    - boost-for-react-native (= 1.63.0)
    - DoubleConversion
    - Folly (= 2018.10.22.00)
    - glog
    - React/jsinspector
  - React/fishhook (0.59.1)
  - React/jsi (0.59.1):
    - DoubleConversion
    - Folly (= 2018.10.22.00)
    - glog
  - React/jsiexecutor (0.59.1):
    - DoubleConversion
    - Folly (= 2018.10.22.00)
    - glog
    - React/cxxreact
    - React/jsi
  - React/jsinspector (0.59.1)
  - React/RCTActionSheet (0.59.1):
    - React/Core
  - React/RCTAnimation (0.59.1):
    - React/Core
  - React/RCTBlob (0.59.1):
    - React/Core
  - React/RCTGeolocation (0.59.1):
    - React/Core
  - React/RCTImage (0.59.1):
    - React/Core
    - React/RCTNetwork
  - React/RCTLinkingIOS (0.59.1):
    - React/Core
  - React/RCTNetwork (0.59.1):
    - React/Core
  - React/RCTSettings (0.59.1):
    - React/Core
  - React/RCTText (0.59.1):
    - React/Core
  - React/RCTVibration (0.59.1):
    - React/Core
  - React/RCTWebSocket (0.59.1):
    - React/Core
    - React/fishhook
    - React/RCTBlob
  - ReactNativePermissions (1.1.1):
    - React
  - RNFritz (1.0.0):
    - Fritz (~> 3.0)
    - React
  - RNGestureHandler (1.0.17):
    - React
  - RNScreens (1.0.0-alpha.22):
    - React
  - RNVectorIcons (6.4.1):
    - React
  - yoga (0.59.1.React)

DEPENDENCIES:
  - BVLinearGradient (from `../node_modules/react-native-linear-gradient`)
  - DoubleConversion (from `../node_modules/react-native/third-party-podspecs/DoubleConversion.podspec`)
  - Folly (from `../node_modules/react-native/third-party-podspecs/Folly.podspec`)
  - Fritz (~> 3.0)
  - Fritz/VisionStyleModel/Paintings
  - glog (from `../node_modules/react-native/third-party-podspecs/glog.podspec`)
  - react-native-image-picker (from `../node_modules/react-native-image-picker`)
  - React/Core (from `../node_modules/react-native`)
  - React/CxxBridge (from `../node_modules/react-native`)
  - React/RCTActionSheet (from `../node_modules/react-native`)
  - React/RCTAnimation (from `../node_modules/react-native`)
  - React/RCTGeolocation (from `../node_modules/react-native`)
  - React/RCTImage (from `../node_modules/react-native`)
  - React/RCTLinkingIOS (from `../node_modules/react-native`)
  - React/RCTNetwork (from `../node_modules/react-native`)
  - React/RCTSettings (from `../node_modules/react-native`)
  - React/RCTText (from `../node_modules/react-native`)
  - React/RCTVibration (from `../node_modules/react-native`)
  - React/RCTWebSocket (from `../node_modules/react-native`)
  - ReactNativePermissions (from `../node_modules/react-native-permissions`)
  - RNFritz (from `../node_modules/react-native-fritz/ios`)
  - RNGestureHandler (from `../node_modules/react-native-gesture-handler`)
  - RNScreens (from `../node_modules/react-native-screens`)
  - RNVectorIcons (from `../node_modules/react-native-vector-icons`)
  - yoga (from `../node_modules/react-native/ReactCommon/yoga/yoga.podspec`)

SPEC REPOS:
  https://github.com/cocoapods/specs.git:
    - boost-for-react-native
    - Fritz

EXTERNAL SOURCES:
  BVLinearGradient:
    :path: "../node_modules/react-native-linear-gradient"
  DoubleConversion:
    :podspec: "../node_modules/react-native/third-party-podspecs/DoubleConversion.podspec"
  Folly:
    :podspec: "../node_modules/react-native/third-party-podspecs/Folly.podspec"
  glog:
    :podspec: "../node_modules/react-native/third-party-podspecs/glog.podspec"
  React:
    :path: "../node_modules/react-native"
  react-native-image-picker:
    :path: "../node_modules/react-native-image-picker"
  ReactNativePermissions:
    :path: "../node_modules/react-native-permissions"
  RNFritz:
    :path: "../node_modules/react-native-fritz/ios"
  RNGestureHandler:
    :path: "../node_modules/react-native-gesture-handler"
  RNScreens:
    :path: "../node_modules/react-native-screens"
  RNVectorIcons:
    :path: "../node_modules/react-native-vector-icons"
  yoga:
    :path: "../node_modules/react-native/ReactCommon/yoga/yoga.podspec"

SPEC CHECKSUMS:
  boost-for-react-native: 39c7adb57c4e60d6c5479dd8623128eb5b3f0f2c
  BVLinearGradient: b0b70acf63ee888829b7c2ebbf6b50e227396e55
  DoubleConversion: bb338842f62ab1d708ceb63ec3d999f0f3d98ecd
  Folly: de497beb10f102453a1afa9edbf8cf8a251890de
  Fritz: 415848247f28b6acbce1af9dfbc66507f4296ccf
  glog: aefd1eb5dda2ab95ba0938556f34b98e2da3a60d
  React: 1d605e098d69bdf08960787f3446f0a9dc2e2ccf
  react-native-image-picker: f42de90075c5b1af53417af927631d909a1a746e
  ReactNativePermissions: 9f2d9c45c98800795e6c2ed330e25d11a66a8169
  RNFritz: 3ae55a65c412a9990233c46d74a93171e91f9122
  RNGestureHandler: afde2addc517e85cc97a25bfe119acbee779a7ce
  RNScreens: 354046589421edc3d83d5c6212475bf1fb9a731d
  RNVectorIcons: 8c52e1e8da1153613fdef44748e865c25556cb9c
  yoga: 128daf064cacaede0c3bb27424b6b4c71052e6cd

PODFILE CHECKSUM: 20cb08478efdd62f122944db3371b83607c716d0

COCOAPODS: 1.5.3
